
Microsoft Visual Studio Solution File, Format Version 12.00
# Visual Studio Version 16
VisualStudioVersion = 16.0.29230.47
MinimumVisualStudioVersion = 10.0.40219.1
Project("{FAE04EC0-301F-11D3-BF4B-00C04F79EFBC}") = "FileIOArray", "FileIOArray\FileIOArray.csproj", "{CA6AF26E-39C7-4A04-9B0C-D65EDC4EBE41}"
EndProject
Global
	GlobalSection(SolutionConfigurationPlatforms) = preSolution
		Debug|Any CPU = Debug|Any CPU
		Release|Any CPU = Release|Any CPU
	EndGlobalSection
	GlobalSection(ProjectConfigurationPlatforms) = postSolution
		{CA6AF26E-39C7-4A04-9B0C-D65EDC4EBE41}.Debug|Any CPU.ActiveCfg = Debug|Any CPU
		{CA6AF26E-39C7-4A04-9B0C-D65EDC4EBE41}.Debug|Any CPU.Build.0 = Debug|Any CPU
		{CA6AF26E-39C7-4A04-9B0C-D65EDC4EBE41}.Release|Any CPU.ActiveCfg = Release|Any CPU
		{CA6AF26E-39C7-4A04-9B0C-D65EDC4EBE41}.Release|Any CPU.Build.0 = Release|Any CPU
	EndGlobalSection
	GlobalSection(SolutionProperties) = preSolution
		HideSolutionNode = FALSE
	EndGlobalSection
	GlobalSection(ExtensibilityGlobals) = postSolution
		SolutionGuid = {E04543E0-A15A-46E0-A36C-884FE42E92C3}
	EndGlobalSection
EndGlobal
